
Microsoft Visual Studio Solution File, Format Version 12.00
# Visual Studio Version 17
VisualStudioVersion = 17.0.31903.59
MinimumVisualStudioVersion = 10.0.40219.1
Project("{2150E333-8FDC-42A3-9474-1A3956D46DE8}") = "tests", "tests", "{AF0F8D46-6F70-40DB-AFB1-C222D62FD28B}"
EndProject
Project("{FAE04EC0-301F-11D3-BF4B-00C04F79EFBC}") = "Smdb.Core.Test", "tests\Smdb.Core.Test\Smdb.Core.Test.csproj", "{667BFDAE-C44E-4451-B308-12319C26A82D}"
EndProject
Project("{FAE04EC0-301F-11D3-BF4B-00C04F79EFBC}") = "Shared", "..\SharedLibrary\src\Shared\Shared.csproj", "{67C96374-6BDD-455F-817C-443ACD5AF700}"
EndProject
Project("{2150E333-8FDC-42A3-9474-1A3956D46DE8}") = "src", "src", "{CD8DB294-7497-454A-A536-C66DCF18BF48}"
EndProject
Project("{FAE04EC0-301F-11D3-BF4B-00C04F79EFBC}") = "Smdb.Api", "src\Smdb.Api\Smdb.Api.csproj", "{C8B1CADE-CBF6-41AC-83A4-9BEE0734A710}"
EndProject
Project("{FAE04EC0-301F-11D3-BF4B-00C04F79EFBC}") = "Smdb.Api.Test", "tests\Smdb.Api.Test\Smdb.Api.Test.csproj", "{4FB549F3-9B94-4F25-B79C-6F3EA144556A}"
EndProject
Global
	GlobalSection(SolutionConfigurationPlatforms) = preSolution
		Debug|Any CPU = Debug|Any CPU
		Release|Any CPU = Release|Any CPU
	EndGlobalSection
	GlobalSection(SolutionProperties) = preSolution
		HideSolutionNode = FALSE
	EndGlobalSection
	GlobalSection(ProjectConfigurationPlatforms) = postSolution
		{667BFDAE-C44E-4451-B308-12319C26A82D}.Debug|Any CPU.ActiveCfg = Debug|Any CPU
		{667BFDAE-C44E-4451-B308-12319C26A82D}.Debug|Any CPU.Build.0 = Debug|Any CPU
		{667BFDAE-C44E-4451-B308-12319C26A82D}.Release|Any CPU.ActiveCfg = Release|Any CPU
		{667BFDAE-C44E-4451-B308-12319C26A82D}.Release|Any CPU.Build.0 = Release|Any CPU
		{67C96374-6BDD-455F-817C-443ACD5AF700}.Debug|Any CPU.ActiveCfg = Debug|Any CPU
		{67C96374-6BDD-455F-817C-443ACD5AF700}.Debug|Any CPU.Build.0 = Debug|Any CPU
		{67C96374-6BDD-455F-817C-443ACD5AF700}.Release|Any CPU.ActiveCfg = Release|Any CPU
		{67C96374-6BDD-455F-817C-443ACD5AF700}.Release|Any CPU.Build.0 = Release|Any CPU
		{C8B1CADE-CBF6-41AC-83A4-9BEE0734A710}.Debug|Any CPU.ActiveCfg = Debug|Any CPU
		{C8B1CADE-CBF6-41AC-83A4-9BEE0734A710}.Debug|Any CPU.Build.0 = Debug|Any CPU
		{C8B1CADE-CBF6-41AC-83A4-9BEE0734A710}.Release|Any CPU.ActiveCfg = Release|Any CPU
		{C8B1CADE-CBF6-41AC-83A4-9BEE0734A710}.Release|Any CPU.Build.0 = Release|Any CPU
		{4FB549F3-9B94-4F25-B79C-6F3EA144556A}.Debug|Any CPU.ActiveCfg = Debug|Any CPU
		{4FB549F3-9B94-4F25-B79C-6F3EA144556A}.Debug|Any CPU.Build.0 = Debug|Any CPU
		{4FB549F3-9B94-4F25-B79C-6F3EA144556A}.Release|Any CPU.ActiveCfg = Release|Any CPU
		{4FB549F3-9B94-4F25-B79C-6F3EA144556A}.Release|Any CPU.Build.0 = Release|Any CPU
	EndGlobalSection
	GlobalSection(NestedProjects) = preSolution
		{667BFDAE-C44E-4451-B308-12319C26A82D} = {AF0F8D46-6F70-40DB-AFB1-C222D62FD28B}
		{C8B1CADE-CBF6-41AC-83A4-9BEE0734A710} = {CD8DB294-7497-454A-A536-C66DCF18BF48}
		{4FB549F3-9B94-4F25-B79C-6F3EA144556A} = {AF0F8D46-6F70-40DB-AFB1-C222D62FD28B}
	EndGlobalSection
EndGlobal
